// !$*UTF8*$!
{
	archiveVersion = 1;
	classes = {
	};
	objectVersion = 50;
	objects = {

/* Begin PBXBuildFile section */
		965810D424425E6000E2B439 /* AppDelegate.swift in Sources */ = {isa = PBXBuildFile; fileRef = 965810D324425E6000E2B439 /* AppDelegate.swift */; };
		965810D624425E6000E2B439 /* SceneDelegate.swift in Sources */ = {isa = PBXBuildFile; fileRef = 965810D524425E6000E2B439 /* SceneDelegate.swift */; };
		965810D824425E6000E2B439 /* ViewController.swift in Sources */ = {isa = PBXBuildFile; fileRef = 965810D724425E6000E2B439 /* ViewController.swift */; };
		965810DB24425E6000E2B439 /* Main.storyboard in Resources */ = {isa = PBXBuildFile; fileRef = 965810D924425E6000E2B439 /* Main.storyboard */; };
		965810DE24425E6000E2B439 /* customCamera.xcdatamodeld in Sources */ = {isa = PBXBuildFile; fileRef = 965810DC24425E6000E2B439 /* customCamera.xcdatamodeld */; };
		965810E024425E6300E2B439 /* Assets.xcassets in Resources */ = {isa = PBXBuildFile; fileRef = 965810DF24425E6300E2B439 /* Assets.xcassets */; };
		965810E324425E6300E2B439 /* LaunchScreen.storyboard in Resources */ = {isa = PBXBuildFile; fileRef = 965810E124425E6300E2B439 /* LaunchScreen.storyboard */; };
/* End PBXBuildFile section */

/* Begin PBXFileReference section */
		965810D024425E6000E2B439 /* customCamera.app */ = {isa = PBXFileReference; explicitFileType = wrapper.application; includeInIndex = 0; path = customCamera.app; sourceTree = BUILT_PRODUCTS_DIR; };
		965810D324425E6000E2B439 /* AppDelegate.swift */ = {isa = PBXFileReference; lastKnownFileType = sourcecode.swift; path = AppDelegate.swift; sourceTree = "<group>"; };
		965810D524425E6000E2B439 /* SceneDelegate.swift */ = {isa = PBXFileReference; lastKnownFileType = sourcecode.swift; path = SceneDelegate.swift; sourceTree = "<group>"; };
		965810D724425E6000E2B439 /* ViewController.swift */ = {isa = PBXFileReference; lastKnownFileType = sourcecode.swift; path = ViewController.swift; sourceTree = "<group>"; };
		965810DA24425E6000E2B439 /* Base */ = {isa = PBXFileReference; lastKnownFileType = file.storyboard; name = Base; path = Base.lproj/Main.storyboard; sourceTree = "<group>"; };
		965810DD24425E6000E2B439 /* customCamera.xcdatamodel */ = {isa = PBXFileReference; lastKnownFileType = wrapper.xcdatamodel; path = customCamera.xcdatamodel; sourceTree = "<group>"; };
		965810DF24425E6300E2B439 /* Assets.xcassets */ = {isa = PBXFileReference; lastKnownFileType = folder.assetcatalog; path = Assets.xcassets; sourceTree = "<group>"; };
		965810E224425E6300E2B439 /* Base */ = {isa = PBXFileReference; lastKnownFileType = file.storyboard; name = Base; path = Base.lproj/LaunchScreen.storyboard; sourceTree = "<group>"; };
		965810E424425E6300E2B439 /* Info.plist */ = {isa = PBXFileReference; lastKnownFileType = text.plist.xml; path = Info.plist; sourceTree = "<group>"; };
/* End PBXFileReference section */

/* Begin PBXFrameworksBuildPhase section */
		965810CD24425E6000E2B439 /* Frameworks */ = {
			isa = PBXFrameworksBuildPhase;
			buildActionMask = 2147483647;
			files = (
			);
			runOnlyForDeploymentPostprocessing = 0;
		};
/* End PBXFrameworksBuildPhase section */

/* Begin PBXGroup section */
		965810C724425E6000E2B439 = {
			isa = PBXGroup;
			children = (
				965810D224425E6000E2B439 /* customCamera */,
				965810D124425E6000E2B439 /* Products */,
			);
			sourceTree = "<group>";
		};
		965810D124425E6000E2B439 /* Products */ = {
			isa = PBXGroup;
			children = (
				965810D024425E6000E2B439 /* customCamera.app */,
			);
			name = Products;
			sourceTree = "<group>";
		};
		965810D224425E6000E2B439 /* customCamera */ = {
			isa = PBXGroup;
			children = (
				965810D324425E6000E2B439 /* AppDelegate.swift */,
				965810D524425E6000E2B439 /* SceneDelegate.swift */,
				965810D724425E6000E2B439 /* ViewController.swift */,
				965810D924425E6000E2B439 /* Main.storyboard */,
				965810DF24425E6300E2B439 /* Assets.xcassets */,
				965810E124425E6300E2B439 /* LaunchScreen.storyboard */,
				965810E424425E6300E2B439 /* Info.plist */,
				965810DC24425E6000E2B439 /* customCamera.xcdatamodeld */,
			);
			path = customCamera;
			sourceTree = "<group>";
		};
/* End PBXGroup section */

/* Begin PBXNativeTarget section */
		965810CF24425E6000E2B439 /* customCamera */ = {
			isa = PBXNativeTarget;
			buildConfigurationList = 965810E724425E6300E2B439 /* Build configuration list for PBXNativeTarget "customCamera" */;
			buildPhases = (
				965810CC24425E6000E2B439 /* Sources */,
				965810CD24425E6000E2B439 /* Frameworks */,
				965810CE24425E6000E2B439 /* Resources */,
			);
			buildRules = (
			);
			dependencies = (
			);
			name = customCamera;
			productName = customCamera;
			productReference = 965810D024425E6000E2B439 /* customCamera.app */;
			productType = "com.apple.product-type.application";
		};
/* End PBXNativeTarget section */

/* Begin PBXProject section */
		965810C824425E6000E2B439 /* Project object */ = {
			isa = PBXProject;
			attributes = {
				LastSwiftUpdateCheck = 1130;
				LastUpgradeCheck = 1130;
				ORGANIZATIONNAME = "Çağrı Tuğberk Masat";
				TargetAttributes = {
					965810CF24425E6000E2B439 = {
						CreatedOnToolsVersion = 11.3.1;
					};
				};
			};
			buildConfigurationList = 965810CB24425E6000E2B439 /* Build configuration list for PBXProject "customCamera" */;
			compatibilityVersion = "Xcode 9.3";
			developmentRegion = en;
			hasScannedForEncodings = 0;
			knownRegions = (
				en,
				Base,
			);
			mainGroup = 965810C724425E6000E2B439;
			productRefGroup = 965810D124425E6000E2B439 /* Products */;
			projectDirPath = "";
			projectRoot = "";
			targets = (
				965810CF24425E6000E2B439 /* customCamera */,
			);
		};
/* End PBXProject section */

/* Begin PBXResourcesBuildPhase section */
		965810CE24425E6000E2B439 /* Resources */ = {
			isa = PBXResourcesBuildPhase;
			buildActionMask = 2147483647;
			files = (
				965810E324425E6300E2B439 /* LaunchScreen.storyboard in Resources */,
				965810E024425E6300E2B439 /* Assets.xcassets in Resources */,
				965810DB24425E6000E2B439 /* Main.storyboard in Resources */,
			);
			runOnlyForDeploymentPostprocessing = 0;
		};
/* End PBXResourcesBuildPhase section */

/* Begin PBXSourcesBuildPhase section */
		965810CC24425E6000E2B439 /* Sources */ = {
			isa = PBXSourcesBuildPhase;
			buildActionMask = 2147483647;
			files = (
				965810D824425E6000E2B439 /* ViewController.swift in Sources */,
				965810DE24425E6000E2B439 /* customCamera.xcdatamodeld in Sources */,
				965810D424425E6000E2B439 /* AppDelegate.swift in Sources */,
				965810D624425E6000E2B439 /* SceneDelegate.swift in Sources */,
			);
			runOnlyForDeploymentPostprocessing = 0;
		};
/* End PBXSourcesBuildPhase section */

/* Begin PBXVariantGroup section */
		965810D924425E6000E2B439 /* Main.storyboard */ = {
			isa = PBXVariantGroup;
			children = (
				965810DA24425E6000E2B439 /* Base */,
			);
			name = Main.storyboard;
			sourceTree = "<group>";
		};
		965810E124425E6300E2B439 /* LaunchScreen.storyboard */ = {
			isa = PBXVariantGroup;
			children = (
				965810E224425E6300E2B439 /* Base */,
			);
			name = LaunchScreen.storyboard;
			sourceTree = "<group>";
		};
/* End PBXVariantGroup section */

/* Begin XCBuildConfiguration section */
		965810E524425E6300E2B439 /* Debug */ = {
			isa = XCBuildConfiguration;
			buildSettings = {
				ALWAYS_SEARCH_USER_PATHS = NO;
				CLANG_ANALYZER_NONNULL = YES;
				CLANG_ANALYZER_NUMBER_OBJECT_CONVERSION = YES_AGGRESSIVE;
				CLANG_CXX_LANGUAGE_STANDARD = "gnu++14";
				CLANG_CXX_LIBRARY = "libc++";
				CLANG_ENABLE_MODULES = YES;
				CLANG_ENABLE_OBJC_ARC = YES;
				CLANG_ENABLE_OBJC_WEAK = YES;
				CLANG_WARN_BLOCK_CAPTURE_AUTORELEASING = YES;
				CLANG_WARN_BOOL_CONVERSION = YES;
				CLANG_WARN_COMMA = YES;
				CLANG_WARN_CONSTANT_CONVERSION = YES;
				CLANG_WARN_DEPRECATED_OBJC_IMPLEMENTATIONS = YES;
				CLANG_WARN_DIRECT_OBJC_ISA_USAGE = YES_ERROR;
				CLANG_WARN_DOCUMENTATION_COMMENTS = YES;
				CLANG_WARN_EMPTY_BODY = YES;
				CLANG_WARN_ENUM_CONVERSION = YES;
				CLANG_WARN_INFINITE_RECURSION = YES;
				CLANG_WARN_INT_CONVERSION = YES;
				CLANG_WARN_NON_LITERAL_NULL_CONVERSION = YES;
				CLANG_WARN_OBJC_IMPLICIT_RETAIN_SELF = YES;
				CLANG_WARN_OBJC_LITERAL_CONVERSION = YES;
				CLANG_WARN_OBJC_ROOT_CLASS = YES_ERROR;
				CLANG_WARN_RANGE_LOOP_ANALYSIS = YES;
				CLANG_WARN_STRICT_PROTOTYPES = YES;
				CLANG_WARN_SUSPICIOUS_MOVE = YES;
				CLANG_WARN_UNGUARDED_AVAILABILITY = YES_AGGRESSIVE;
				CLANG_WARN_UNREACHABLE_CODE = YES;
				CLANG_WARN__DUPLICATE_METHOD_MATCH = YES;
				COPY_PHASE_STRIP = NO;
				DEBUG_INFORMATION_FORMAT = dwarf;
				ENABLE_STRICT_OBJC_MSGSEND = YES;
				ENABLE_TESTABILITY = YES;
				GCC_C_LANGUAGE_STANDARD = gnu11;
				GCC_DYNAMIC_NO_PIC = NO;
				GCC_NO_COMMON_BLOCKS = YES;
				GCC_OPTIMIZATION_LEVEL = 0;
				GCC_PREPROCESSOR_DEFINITIONS = (
					"DEBUG=1",
					"$(inherited)",
				);
				GCC_WARN_64_TO_32_BIT_CONVERSION = YES;
				GCC_WARN_ABOUT_RETURN_TYPE = YES_ERROR;
				GCC_WARN_UNDECLARED_SELECTOR = YES;
				GCC_WARN_UNINITIALIZED_AUTOS = YES_AGGRESSIVE;
				GCC_WARN_UNUSED_FUNCTION = YES;
				GCC_WARN_UNUSED_VARIABLE = YES;
				IPHONEOS_DEPLOYMENT_TARGET = 13.2;
				MTL_ENABLE_DEBUG_INFO = INCLUDE_SOURCE;
				MTL_FAST_MATH = YES;
				ONLY_ACTIVE_ARCH = YES;
				SDKROOT = iphoneos;
				SWIFT_ACTIVE_COMPILATION_CONDITIONS = DEBUG;
				SWIFT_OPTIMIZATION_LEVEL = "-Onone";
			};
			name = Debug;
		};
		965810E624425E6300E2B439 /* Release */ = {
			isa = XCBuildConfiguration;
			buildSettings = {
				ALWAYS_SEARCH_USER_PATHS = NO;
				CLANG_ANALYZER_NONNULL = YES;
				CLANG_ANALYZER_NUMBER_OBJECT_CONVERSION = YES_AGGRESSIVE;
				CLANG_CXX_LANGUAGE_STANDARD = "gnu++14";
				CLANG_CXX_LIBRARY = "libc++";
				CLANG_ENABLE_MODULES = YES;
				CLANG_ENABLE_OBJC_ARC = YES;
				CLANG_ENABLE_OBJC_WEAK = YES;
				CLANG_WARN_BLOCK_CAPTURE_AUTORELEASING = YES;
				CLANG_WARN_BOOL_CONVERSION = YES;
				CLANG_WARN_COMMA = YES;
				CLANG_WARN_CONSTANT_CONVERSION = YES;
				CLANG_WARN_DEPRECATED_OBJC_IMPLEMENTATIONS = YES;
				CLANG_WARN_DIRECT_OBJC_ISA_USAGE = YES_ERROR;
				CLANG_WARN_DOCUMENTATION_COMMENTS = YES;
				CLANG_WARN_EMPTY_BODY = YES;
				CLANG_WARN_ENUM_CONVERSION = YES;
				CLANG_WARN_INFINITE_RECURSION = YES;
				CLANG_WARN_INT_CONVERSION = YES;
				CLANG_WARN_NON_LITERAL_NULL_CONVERSION = YES;
				CLANG_WARN_OBJC_IMPLICIT_RETAIN_SELF = YES;
				CLANG_WARN_OBJC_LITERAL_CONVERSION = YES;
				CLANG_WARN_OBJC_ROOT_CLASS = YES_ERROR;
				CLANG_WARN_RANGE_LOOP_ANALYSIS = YES;
				CLANG_WARN_STRICT_PROTOTYPES = YES;
				CLANG_WARN_SUSPICIOUS_MOVE = YES;
				CLANG_WARN_UNGUARDED_AVAILABILITY = YES_AGGRESSIVE;
				CLANG_WARN_UNREACHABLE_CODE = YES;
				CLANG_WARN__DUPLICATE_METHOD_MATCH = YES;
				COPY_PHASE_STRIP = NO;
				DEBUG_INFORMATION_FORMAT = "dwarf-with-dsym";
				ENABLE_NS_ASSERTIONS = NO;
				ENABLE_STRICT_OBJC_MSGSEND = YES;
				GCC_C_LANGUAGE_STANDARD = gnu11;
				GCC_NO_COMMON_BLOCKS = YES;
				GCC_WARN_64_TO_32_BIT_CONVERSION = YES;
				GCC_WARN_ABOUT_RETURN_TYPE = YES_ERROR;
				GCC_WARN_UNDECLARED_SELECTOR = YES;
				GCC_WARN_UNINITIALIZED_AUTOS = YES_AGGRESSIVE;
				GCC_WARN_UNUSED_FUNCTION = YES;
				GCC_WARN_UNUSED_VARIABLE = YES;
				IPHONEOS_DEPLOYMENT_TARGET = 13.2;
				MTL_ENABLE_DEBUG_INFO = NO;
				MTL_FAST_MATH = YES;
				SDKROOT = iphoneos;
				SWIFT_COMPILATION_MODE = wholemodule;
				SWIFT_OPTIMIZATION_LEVEL = "-O";
				VALIDATE_PRODUCT = YES;
			};
			name = Release;
		};
		965810E824425E6300E2B439 /* Debug */ = {
			isa = XCBuildConfiguration;
			buildSettings = {
				ASSETCATALOG_COMPILER_APPICON_NAME = AppIcon;
				CODE_SIGN_STYLE = Automatic;
				DEVELOPMENT_TEAM = 8UCYVYPJTR;
				INFOPLIST_FILE = customCamera/Info.plist;
				LD_RUNPATH_SEARCH_PATHS = (
					"$(inherited)",
					"@executable_path/Frameworks",
				);
				PRODUCT_BUNDLE_IDENTIFIER = personal.customCamera;
				PRODUCT_NAME = "$(TARGET_NAME)";
				SWIFT_VERSION = 5.0;
				TARGETED_DEVICE_FAMILY = "1,2";
			};
			name = Debug;
		};
		965810E924425E6300E2B439 /* Release */ = {
			isa = XCBuildConfiguration;
			buildSettings = {
				ASSETCATALOG_COMPILER_APPICON_NAME = AppIcon;
				CODE_SIGN_STYLE = Automatic;
				DEVELOPMENT_TEAM = 8UCYVYPJTR;
				INFOPLIST_FILE = customCamera/Info.plist;
				LD_RUNPATH_SEARCH_PATHS = (
					"$(inherited)",
					"@executable_path/Frameworks",
				);
				PRODUCT_BUNDLE_IDENTIFIER = personal.customCamera;
				PRODUCT_NAME = "$(TARGET_NAME)";
				SWIFT_VERSION = 5.0;
				TARGETED_DEVICE_FAMILY = "1,2";
			};
			name = Release;
		};
/* End XCBuildConfiguration section */

/* Begin XCConfigurationList section */
		965810CB24425E6000E2B439 /* Build configuration list for PBXProject "customCamera" */ = {
			isa = XCConfigurationList;
			buildConfigurations = (
				965810E524425E6300E2B439 /* Debug */,
				965810E624425E6300E2B439 /* Release */,
			);
			defaultConfigurationIsVisible = 0;
			defaultConfigurationName = Release;
		};
		965810E724425E6300E2B439 /* Build configuration list for PBXNativeTarget "customCamera" */ = {
			isa = XCConfigurationList;
			buildConfigurations = (
				965810E824425E6300E2B439 /* Debug */,
				965810E924425E6300E2B439 /* Release */,
			);
			defaultConfigurationIsVisible = 0;
			defaultConfigurationName = Release;
		};
/* End XCConfigurationList section */

/* Begin XCVersionGroup section */
		965810DC24425E6000E2B439 /* customCamera.xcdatamodeld */ = {
			isa = XCVersionGroup;
			children = (
				965810DD24425E6000E2B439 /* customCamera.xcdatamodel */,
			);
			currentVersion = 965810DD24425E6000E2B439 /* customCamera.xcdatamodel */;
			path = customCamera.xcdatamodeld;
			sourceTree = "<group>";
			versionGroupType = wrapper.xcdatamodel;
		};
/* End XCVersionGroup section */
	};
	rootObject = 965810C824425E6000E2B439 /* Project object */;
}
